Microsoft Visual Studio Solution File, Format Version 11.00
# Visual Studio 2008

Project("{9925D8E4-C9E2-CA06-253A-B18C743FBF6C}") = "CritterFriend", "Assembly-CSharp-firstpass.csproj", "{DB33F329-8CDA-A3B5-7586-D7BE759071C0}"
EndProject
Project("{9925D8E4-C9E2-CA06-253A-B18C743FBF6C}") = "CritterFriend", "Assembly-CSharp.csproj", "{1DE30F09-026E-152B-513F-71D85B305D75}"
EndProject
Project("{9925D8E4-C9E2-CA06-253A-B18C743FBF6C}") = "CritterFriend", "Assembly-CSharp-Editor.csproj", "{3E12686F-321B-2309-489D-8290C11B74AF}"
EndProject
Global
	GlobalSection(SolutionConfigurationPlatforms) = preSolution
		Debug|Any CPU = Debug|Any CPU
		Release|Any CPU = Release|Any CPU
	EndGlobalSection
	GlobalSection(ProjectConfigurationPlatforms) = postSolution
		{DB33F329-8CDA-A3B5-7586-D7BE759071C0}.Debug|Any CPU.ActiveCfg = Debug|Any CPU
		{DB33F329-8CDA-A3B5-7586-D7BE759071C0}.Debug|Any CPU.Build.0 = Debug|Any CPU
		{DB33F329-8CDA-A3B5-7586-D7BE759071C0}.Release|Any CPU.ActiveCfg = Release|Any CPU
		{DB33F329-8CDA-A3B5-7586-D7BE759071C0}.Release|Any CPU.Build.0 = Release|Any CPU
		{1DE30F09-026E-152B-513F-71D85B305D75}.Debug|Any CPU.ActiveCfg = Debug|Any CPU
		{1DE30F09-026E-152B-513F-71D85B305D75}.Debug|Any CPU.Build.0 = Debug|Any CPU
		{1DE30F09-026E-152B-513F-71D85B305D75}.Release|Any CPU.ActiveCfg = Release|Any CPU
		{1DE30F09-026E-152B-513F-71D85B305D75}.Release|Any CPU.Build.0 = Release|Any CPU
		{3E12686F-321B-2309-489D-8290C11B74AF}.Debug|Any CPU.ActiveCfg = Debug|Any CPU
		{3E12686F-321B-2309-489D-8290C11B74AF}.Debug|Any CPU.Build.0 = Debug|Any CPU
		{3E12686F-321B-2309-489D-8290C11B74AF}.Release|Any CPU.ActiveCfg = Release|Any CPU
		{3E12686F-321B-2309-489D-8290C11B74AF}.Release|Any CPU.Build.0 = Release|Any CPU
	EndGlobalSection
	GlobalSection(SolutionProperties) = preSolution
		HideSolutionNode = FALSE
	EndGlobalSection
	GlobalSection(MonoDevelopProperties) = preSolution
		StartupItem = Assembly-CSharp.csproj
	EndGlobalSection
EndGlobal
